{
  "name": "lista-telefonica",
  "version": "1.0.0",
  "lockfileVersion": 1,
  "requires": true,
  "dependencies": {
    "angular": {
      "version": "1.6.6",
      "resolved": "https://registry.npmjs.org/angular/-/angular-1.6.6.tgz",
      "integrity": "sha1-/Vo8+0N844LYVO4BEgeXl4Uny2Q="
    },
    "angular-locale-pt-br": {
      "version": "1.3.16",
      "resolved": "https://registry.npmjs.org/angular-locale-pt-br/-/angular-locale-pt-br-1.3.16.tgz",
      "integrity": "sha512-UIlnWcZUA79sX92IcyGKpcD4CB38G9XFgAqXngqEKaKTCBcH8rO59iv5Fa53nPYczJcR9fJTLCHEOnV+cYX5BA=="
    },
    "angular-messages": {
      "version": "1.6.6",
      "resolved": "https://registry.npmjs.org/angular-messages/-/angular-messages-1.6.6.tgz",
      "integrity": "sha1-qbs/xflx10XNOjvbqrxvH03rE/M="
    },
    "bootstrap": {
      "version": "3.3.7",
      "resolved": "https://registry.npmjs.org/bootstrap/-/bootstrap-3.3.7.tgz",
      "integrity": "sha1-WjiTlFSfIzMIdaOxUGVldPip63E="
    }
  }
}
